{
  "requires": true,
  "lockfileVersion": 1,
  "dependencies": {
    "liqd-cache": {
      "version": "1.0.4",
      "resolved": "https://registry.npmjs.org/liqd-cache/-/liqd-cache-1.0.4.tgz",
      "integrity": "sha512-zp4O5q99+yzy+1Fu23od6ZsB1HocVDVPNWUrV40oiBrWa+aVtWC7HvW9s3WkErgBmr2nNzIFVRCx70kqi/ZHuQ==",
      "requires": {
        "liqd-timer": "^1.0.3"
      }
    },
    "liqd-ds-heap": {
      "version": "1.1.2",
      "resolved": "https://registry.npmjs.org/liqd-ds-heap/-/liqd-ds-heap-1.1.2.tgz",
      "integrity": "sha512-gOviQWHOI1ykJTaPP0Ti7hGo6at69QvjSz/YiPi5tlEnA5SBXJWOxQXbdsgtzcb8trkdRL3cyKHAU5SwAupYrg=="
    },
    "liqd-flow": {
      "version": "1.2.8",
      "resolved": "https://registry.npmjs.org/liqd-flow/-/liqd-flow-1.2.8.tgz",
      "integrity": "sha512-NY7W5PunbKkRpEOyJrDlwOE/zQLLe7ezWkU1nDkP99tOfUaae7tAp1qYA/S830v/u51ysjGoc9LsD7wO/quQIQ=="
    },
    "liqd-fs": {
      "version": "1.1.2",
      "resolved": "https://registry.npmjs.org/liqd-fs/-/liqd-fs-1.1.2.tgz",
      "integrity": "sha512-Uq/pNzwG9rCZZOGBtu3Fw33ZEV1/7zhnlSZ4hhJoJsoT6cwX8RHHGiB7tF6Iig+GIcc6GDX+aR59/7pnOAyTjw==",
      "requires": {
        "liqd-timer": "^1.0.4"
      }
    },
    "liqd-internationalization": {
      "version": "1.0.5",
      "resolved": "https://registry.npmjs.org/liqd-internationalization/-/liqd-internationalization-1.0.5.tgz",
      "integrity": "sha512-nN73PXXFNzoL9ohdExP4vf5O9lc4rVg0rUC6asVGMRjGSIO2ORxxLBK09k1oh0eU0KygG+wiqZCYboCHIZgrGA=="
    },
    "liqd-multibuffer": {
      "version": "1.0.7",
      "resolved": "https://registry.npmjs.org/liqd-multibuffer/-/liqd-multibuffer-1.0.7.tgz",
      "integrity": "sha512-M07e9Jcn+cB/LrbtN3qQEw3YitmYe7lqqnPMz1CmnECEvqLm7k2G1OMNABhKkMXZzyssMcTfBzIX+ChCrUSu7Q=="
    },
    "liqd-options": {
      "version": "1.0.8",
      "resolved": "https://registry.npmjs.org/liqd-options/-/liqd-options-1.0.8.tgz",
      "integrity": "sha512-9svgkaTfR02AHj3i0IMXQDe8WddqCyfWHkRwZM4+IuL1BtXXA0jN0AAVH3SVQTfAqi/Qt+r0qegrxQPpthDfHw=="
    },
    "liqd-parser": {
      "version": "1.3.0",
      "resolved": "https://registry.npmjs.org/liqd-parser/-/liqd-parser-1.3.0.tgz",
      "integrity": "sha512-ECpFCP6pxfBAqkPy70jffW55mWZfUNOIwajKGLyXhz0S1VxoHdi49JdHfaN/QRnsD+AHNQEd/t8KWBN6zPXIlA=="
    },
    "liqd-querystring": {
      "version": "1.1.0",
      "resolved": "https://registry.npmjs.org/liqd-querystring/-/liqd-querystring-1.1.0.tgz",
      "integrity": "sha512-BwDkUKxJ37SIzJd/0kPW+XdMRturY/OB5EGq9UfsLUjyfu0qJvDXS/qkLHEL+VIC5i4HswpceAUvgXNn+z0KMQ=="
    },
    "liqd-server": {
      "version": "1.3.1",
      "resolved": "https://registry.npmjs.org/liqd-server/-/liqd-server-1.3.1.tgz",
      "integrity": "sha512-CGdJqi7T3JkpmvN9NbGp3/gxUHqujSdN+obdaxRTeEOe8701qh5KwC8zF3Nki2etQUHV7q4yoT6eYyWu/AOK4w==",
      "requires": {
        "liqd-options": "^1.0.8",
        "liqd-querystring": "^1.1.0",
        "liqd-session": "^1.1.5",
        "liqd-websocket": "^1.2.1"
      }
    },
    "liqd-session": {
      "version": "1.1.5",
      "resolved": "https://registry.npmjs.org/liqd-session/-/liqd-session-1.1.5.tgz",
      "integrity": "sha512-23fZ9L9af6L/bTEdWP5wf8vuk+oCUhilt4l0stxq3x9npoIFANRDzdqMbB1wh9B8UnbHFsNczfRNAUtmrAAajw==",
      "requires": {
        "liqd-cache": "^1.0.4",
        "liqd-flow": "^1.2.8",
        "liqd-options": "^1.0.8"
      }
    },
    "liqd-string": {
      "version": "1.0.4",
      "resolved": "https://registry.npmjs.org/liqd-string/-/liqd-string-1.0.4.tgz",
      "integrity": "sha512-kK9ihLR1WAcR9cTzcGJdKFr+5H+4m/Xanapw2E90ozyC1dvA5UMdkrycljXdT1lI4I8YMcI738Mlk8Z7ttyqxQ=="
    },
    "liqd-style": {
      "version": "1.2.2",
      "resolved": "https://registry.npmjs.org/liqd-style/-/liqd-style-1.2.2.tgz",
      "integrity": "sha512-KCLV/ZJNkh7xc3qQdahLlmSiIOmwy37zrzYNY2K9IWuNNOlxfZAcJx2MwEVQEBGWPvsAGiie+5UyNF7TV0UYoQ==",
      "requires": {
        "liqd-parser": "^1.3.0"
      }
    },
    "liqd-template": {
      "version": "1.8.5",
      "resolved": "https://registry.npmjs.org/liqd-template/-/liqd-template-1.8.5.tgz",
      "integrity": "sha512-pjtX5CspOcwGi3DctMp+1hMpl+5iaQJ8+gMt8JYo0mW60f6NAr846Wbnbh+XDZG5Lx1t7O708tXh7Kn0u8g//w==",
      "requires": {
        "liqd-fs": "^1.1.2",
        "liqd-internationalization": "^1.0.5",
        "liqd-parser": "^1.3.0",
        "liqd-string": "^1.0.4",
        "liqd-style": "^1.2.2"
      }
    },
    "liqd-timer": {
      "version": "1.0.4",
      "resolved": "https://registry.npmjs.org/liqd-timer/-/liqd-timer-1.0.4.tgz",
      "integrity": "sha512-wKVQNM58Z8U1uqgwB/Ywzhz6vYSchJPKv/WJVmtKoHEUCNXpYePH8KYYptHw35IoLQqF4HWQPnxhCxB7VvsHcg==",
      "requires": {
        "liqd-ds-heap": "^1.1.2"
      }
    },
    "liqd-websocket": {
      "version": "1.2.1",
      "resolved": "https://registry.npmjs.org/liqd-websocket/-/liqd-websocket-1.2.1.tgz",
      "integrity": "sha512-SPeTqzPhp1wOeGPy65L7FMlTOS9dvHv4V5s+nwjE/AVQVWz/Y1iBuXgKzqVltltQqiMmVUkRsDKXfTX2HJqZXg==",
      "requires": {
        "liqd-multibuffer": "^1.0.7",
        "liqd-options": "^1.0.8",
        "liqd-querystring": "^1.1.0",
        "liqd-timer": "^1.0.4"
      }
    }
  }
}
